// !$*UTF8*$!
{
	archiveVersion = 1;
	classes = {
	};
	objectVersion = 46;
	objects = {

/* Begin PBXBuildFile section */
		60EE8F3766E2F1E28EB68411 /* Pods_GitHubUsers.framework in Frameworks */ = {isa = PBXBuildFile; fileRef = C675B78812A9D28ED4B23535 /* Pods_GitHubUsers.framework */; };
		B8E298E41D8163C400752349 /* AppDelegate.swift in Sources */ = {isa = PBXBuildFile; fileRef = B8E298E31D8163C400752349 /* AppDelegate.swift */; };
		B8E298E91D8163C400752349 /* Main.storyboard in Resources */ = {isa = PBXBuildFile; fileRef = B8E298E71D8163C400752349 /* Main.storyboard */; };
		B8E298EB1D8163C400752349 /* Assets.xcassets in Resources */ = {isa = PBXBuildFile; fileRef = B8E298EA1D8163C400752349 /* Assets.xcassets */; };
		B8E298EE1D8163C400752349 /* LaunchScreen.storyboard in Resources */ = {isa = PBXBuildFile; fileRef = B8E298EC1D8163C400752349 /* LaunchScreen.storyboard */; };
		B8E298F91D8167EA00752349 /* MainViewController.swift in Sources */ = {isa = PBXBuildFile; fileRef = B8E298F71D8167EA00752349 /* MainViewController.swift */; };
		B8E298FB1D816B7900752349 /* GitHubUser.swift in Sources */ = {isa = PBXBuildFile; fileRef = B8E298FA1D816B7900752349 /* GitHubUser.swift */; };
		B8E298FD1D81756200752349 /* UserTableViewCell.swift in Sources */ = {isa = PBXBuildFile; fileRef = B8E298FC1D81756200752349 /* UserTableViewCell.swift */; };
		B8E298FF1D8189BC00752349 /* UserNetworkManager.swift in Sources */ = {isa = PBXBuildFile; fileRef = B8E298FE1D8189BC00752349 /* UserNetworkManager.swift */; };
		B8E299051D87075500752349 /* Placeholder.swift in Sources */ = {isa = PBXBuildFile; fileRef = B8E299041D87075500752349 /* Placeholder.swift */; };
/* End PBXBuildFile section */

/* Begin PBXFileReference section */
		2FA881F9496F147270A0466F /* Pods-GitHubUsers.release.xcconfig */ = {isa = PBXFileReference; includeInIndex = 1; lastKnownFileType = text.xcconfig; name = "Pods-GitHubUsers.release.xcconfig"; path = "Pods/Target Support Files/Pods-GitHubUsers/Pods-GitHubUsers.release.xcconfig"; sourceTree = "<group>"; };
		B8E298E01D8163C400752349 /* GitHubUsers.app */ = {isa = PBXFileReference; explicitFileType = wrapper.application; includeInIndex = 0; path = GitHubUsers.app; sourceTree = BUILT_PRODUCTS_DIR; };
		B8E298E31D8163C400752349 /* AppDelegate.swift */ = {isa = PBXFileReference; lastKnownFileType = sourcecode.swift; path = AppDelegate.swift; sourceTree = "<group>"; };
		B8E298E81D8163C400752349 /* Base */ = {isa = PBXFileReference; lastKnownFileType = file.storyboard; name = Base; path = Base.lproj/Main.storyboard; sourceTree = "<group>"; };
		B8E298EA1D8163C400752349 /* Assets.xcassets */ = {isa = PBXFileReference; lastKnownFileType = folder.assetcatalog; path = Assets.xcassets; sourceTree = "<group>"; };
		B8E298ED1D8163C400752349 /* Base */ = {isa = PBXFileReference; lastKnownFileType = file.storyboard; name = Base; path = Base.lproj/LaunchScreen.storyboard; sourceTree = "<group>"; };
		B8E298EF1D8163C400752349 /* Info.plist */ = {isa = PBXFileReference; lastKnownFileType = text.plist.xml; path = Info.plist; sourceTree = "<group>"; };
		B8E298F71D8167EA00752349 /* MainViewController.swift */ = {isa = PBXFileReference; fileEncoding = 4; lastKnownFileType = sourcecode.swift; path = MainViewController.swift; sourceTree = "<group>"; };
		B8E298FA1D816B7900752349 /* GitHubUser.swift */ = {isa = PBXFileReference; fileEncoding = 4; lastKnownFileType = sourcecode.swift; path = GitHubUser.swift; sourceTree = "<group>"; };
		B8E298FC1D81756200752349 /* UserTableViewCell.swift */ = {isa = PBXFileReference; fileEncoding = 4; lastKnownFileType = sourcecode.swift; path = UserTableViewCell.swift; sourceTree = "<group>"; };
		B8E298FE1D8189BC00752349 /* UserNetworkManager.swift */ = {isa = PBXFileReference; fileEncoding = 4; lastKnownFileType = sourcecode.swift; path = UserNetworkManager.swift; sourceTree = "<group>"; };
		B8E299041D87075500752349 /* Placeholder.swift */ = {isa = PBXFileReference; fileEncoding = 4; lastKnownFileType = sourcecode.swift; path = Placeholder.swift; sourceTree = "<group>"; };
		C675B78812A9D28ED4B23535 /* Pods_GitHubUsers.framework */ = {isa = PBXFileReference; explicitFileType = wrapper.framework; includeInIndex = 0; path = Pods_GitHubUsers.framework; sourceTree = BUILT_PRODUCTS_DIR; };
		F2D24E903C5AE9FD25B100A5 /* Pods-GitHubUsers.debug.xcconfig */ = {isa = PBXFileReference; includeInIndex = 1; lastKnownFileType = text.xcconfig; name = "Pods-GitHubUsers.debug.xcconfig"; path = "Pods/Target Support Files/Pods-GitHubUsers/Pods-GitHubUsers.debug.xcconfig"; sourceTree = "<group>"; };
/* End PBXFileReference section */

/* Begin PBXFrameworksBuildPhase section */
		B8E298DD1D8163C400752349 /* Frameworks */ = {
			isa = PBXFrameworksBuildPhase;
			buildActionMask = 2147483647;
			files = (
				60EE8F3766E2F1E28EB68411 /* Pods_GitHubUsers.framework in Frameworks */,
			);
			runOnlyForDeploymentPostprocessing = 0;
		};
/* End PBXFrameworksBuildPhase section */

/* Begin PBXGroup section */
		1319DB732AA46CF90118A066 /* Frameworks */ = {
			isa = PBXGroup;
			children = (
				C675B78812A9D28ED4B23535 /* Pods_GitHubUsers.framework */,
			);
			name = Frameworks;
			sourceTree = "<group>";
		};
		B8E298D71D8163C400752349 = {
			isa = PBXGroup;
			children = (
				B8E298E21D8163C400752349 /* GitHubUsers */,
				B8E298E11D8163C400752349 /* Products */,
				F5A490B0AFEE46295F313929 /* Pods */,
				1319DB732AA46CF90118A066 /* Frameworks */,
			);
			sourceTree = "<group>";
		};
		B8E298E11D8163C400752349 /* Products */ = {
			isa = PBXGroup;
			children = (
				B8E298E01D8163C400752349 /* GitHubUsers.app */,
			);
			name = Products;
			sourceTree = "<group>";
		};
		B8E298E21D8163C400752349 /* GitHubUsers */ = {
			isa = PBXGroup;
			children = (
				B8E298F51D8167EA00752349 /* Views */,
				B8E298F61D8167EA00752349 /* ViewControllers */,
				B8E298F81D8167EA00752349 /* Models */,
				B8E298E31D8163C400752349 /* AppDelegate.swift */,
				B8E298E71D8163C400752349 /* Main.storyboard */,
				B8E298EA1D8163C400752349 /* Assets.xcassets */,
				B8E298EC1D8163C400752349 /* LaunchScreen.storyboard */,
				B8E298EF1D8163C400752349 /* Info.plist */,
			);
			path = GitHubUsers;
			sourceTree = "<group>";
		};
		B8E298F51D8167EA00752349 /* Views */ = {
			isa = PBXGroup;
			children = (
				B8E298FC1D81756200752349 /* UserTableViewCell.swift */,
			);
			path = Views;
			sourceTree = "<group>";
		};
		B8E298F61D8167EA00752349 /* ViewControllers */ = {
			isa = PBXGroup;
			children = (
				B8E298F71D8167EA00752349 /* MainViewController.swift */,
			);
			path = ViewControllers;
			sourceTree = "<group>";
		};
		B8E298F81D8167EA00752349 /* Models */ = {
			isa = PBXGroup;
			children = (
				B8E298FA1D816B7900752349 /* GitHubUser.swift */,
				B8E298FE1D8189BC00752349 /* UserNetworkManager.swift */,
				B8E299041D87075500752349 /* Placeholder.swift */,
			);
			path = Models;
			sourceTree = "<group>";
		};
		F5A490B0AFEE46295F313929 /* Pods */ = {
			isa = PBXGroup;
			children = (
				F2D24E903C5AE9FD25B100A5 /* Pods-GitHubUsers.debug.xcconfig */,
				2FA881F9496F147270A0466F /* Pods-GitHubUsers.release.xcconfig */,
			);
			name = Pods;
			sourceTree = "<group>";
		};
/* End PBXGroup section */

/* Begin PBXNativeTarget section */
		B8E298DF1D8163C400752349 /* GitHubUsers */ = {
			isa = PBXNativeTarget;
			buildConfigurationList = B8E298F21D8163C400752349 /* Build configuration list for PBXNativeTarget "GitHubUsers" */;
			buildPhases = (
				426A5A5DA7AA7B5DE0B9F24B /* Check Pods Manifest.lock */,
				B8E298DC1D8163C400752349 /* Sources */,
				B8E298DD1D8163C400752349 /* Frameworks */,
				B8E298DE1D8163C400752349 /* Resources */,
				F19F2D22C848826642E77909 /* Embed Pods Frameworks */,
				84C193EBA9FDC4E45F85358E /* Copy Pods Resources */,
			);
			buildRules = (
			);
			dependencies = (
			);
			name = GitHubUsers;
			productName = GitHubUsers;
			productReference = B8E298E01D8163C400752349 /* GitHubUsers.app */;
			productType = "com.apple.product-type.application";
		};
/* End PBXNativeTarget section */

/* Begin PBXProject section */
		B8E298D81D8163C400752349 /* Project object */ = {
			isa = PBXProject;
			attributes = {
				LastSwiftUpdateCheck = 0730;
				LastUpgradeCheck = 0730;
				ORGANIZATIONNAME = "Sergey Myakinnikov";
				TargetAttributes = {
					B8E298DF1D8163C400752349 = {
						CreatedOnToolsVersion = 7.3.1;
					};
				};
			};
			buildConfigurationList = B8E298DB1D8163C400752349 /* Build configuration list for PBXProject "GitHubUsers" */;
			compatibilityVersion = "Xcode 3.2";
			developmentRegion = English;
			hasScannedForEncodings = 0;
			knownRegions = (
				en,
				Base,
			);
			mainGroup = B8E298D71D8163C400752349;
			productRefGroup = B8E298E11D8163C400752349 /* Products */;
			projectDirPath = "";
			projectRoot = "";
			targets = (
				B8E298DF1D8163C400752349 /* GitHubUsers */,
			);
		};
/* End PBXProject section */

/* Begin PBXResourcesBuildPhase section */
		B8E298DE1D8163C400752349 /* Resources */ = {
			isa = PBXResourcesBuildPhase;
			buildActionMask = 2147483647;
			files = (
				B8E298EE1D8163C400752349 /* LaunchScreen.storyboard in Resources */,
				B8E298EB1D8163C400752349 /* Assets.xcassets in Resources */,
				B8E298E91D8163C400752349 /* Main.storyboard in Resources */,
			);
			runOnlyForDeploymentPostprocessing = 0;
		};
/* End PBXResourcesBuildPhase section */

/* Begin PBXShellScriptBuildPhase section */
		426A5A5DA7AA7B5DE0B9F24B /* Check Pods Manifest.lock */ = {
			isa = PBXShellScriptBuildPhase;
			buildActionMask = 2147483647;
			files = (
			);
			inputPaths = (
			);
			name = "Check Pods Manifest.lock";
			outputPaths = (
			);
			runOnlyForDeploymentPostprocessing = 0;
			shellPath = /bin/sh;
			shellScript = "diff \"${PODS_ROOT}/../Podfile.lock\" \"${PODS_ROOT}/Manifest.lock\" > /dev/null\nif [[ $? != 0 ]] ; then\n    cat << EOM\nerror: The sandbox is not in sync with the Podfile.lock. Run 'pod install' or update your CocoaPods installation.\nEOM\n    exit 1\nfi\n";
			showEnvVarsInLog = 0;
		};
		84C193EBA9FDC4E45F85358E /* Copy Pods Resources */ = {
			isa = PBXShellScriptBuildPhase;
			buildActionMask = 2147483647;
			files = (
			);
			inputPaths = (
			);
			name = "Copy Pods Resources";
			outputPaths = (
			);
			runOnlyForDeploymentPostprocessing = 0;
			shellPath = /bin/sh;
			shellScript = "\"${SRCROOT}/Pods/Target Support Files/Pods-GitHubUsers/Pods-GitHubUsers-resources.sh\"\n";
			showEnvVarsInLog = 0;
		};
		F19F2D22C848826642E77909 /* Embed Pods Frameworks */ = {
			isa = PBXShellScriptBuildPhase;
			buildActionMask = 2147483647;
			files = (
			);
			inputPaths = (
			);
			name = "Embed Pods Frameworks";
			outputPaths = (
			);
			runOnlyForDeploymentPostprocessing = 0;
			shellPath = /bin/sh;
			shellScript = "\"${SRCROOT}/Pods/Target Support Files/Pods-GitHubUsers/Pods-GitHubUsers-frameworks.sh\"\n";
			showEnvVarsInLog = 0;
		};
/* End PBXShellScriptBuildPhase section */

/* Begin PBXSourcesBuildPhase section */
		B8E298DC1D8163C400752349 /* Sources */ = {
			isa = PBXSourcesBuildPhase;
			buildActionMask = 2147483647;
			files = (
				B8E298FD1D81756200752349 /* UserTableViewCell.swift in Sources */,
				B8E298FB1D816B7900752349 /* GitHubUser.swift in Sources */,
				B8E298F91D8167EA00752349 /* MainViewController.swift in Sources */,
				B8E298E41D8163C400752349 /* AppDelegate.swift in Sources */,
				B8E298FF1D8189BC00752349 /* UserNetworkManager.swift in Sources */,
				B8E299051D87075500752349 /* Placeholder.swift in Sources */,
			);
			runOnlyForDeploymentPostprocessing = 0;
		};
/* End PBXSourcesBuildPhase section */

/* Begin PBXVariantGroup section */
		B8E298E71D8163C400752349 /* Main.storyboard */ = {
			isa = PBXVariantGroup;
			children = (
				B8E298E81D8163C400752349 /* Base */,
			);
			name = Main.storyboard;
			sourceTree = "<group>";
		};
		B8E298EC1D8163C400752349 /* LaunchScreen.storyboard */ = {
			isa = PBXVariantGroup;
			children = (
				B8E298ED1D8163C400752349 /* Base */,
			);
			name = LaunchScreen.storyboard;
			sourceTree = "<group>";
		};
/* End PBXVariantGroup section */

/* Begin XCBuildConfiguration section */
		B8E298F01D8163C400752349 /* Debug */ = {
			isa = XCBuildConfiguration;
			buildSettings = {
				ALWAYS_SEARCH_USER_PATHS = NO;
				CLANG_ANALYZER_NONNULL = YES;
				CLANG_CXX_LANGUAGE_STANDARD = "gnu++0x";
				CLANG_CXX_LIBRARY = "libc++";
				CLANG_ENABLE_MODULES = YES;
				CLANG_ENABLE_OBJC_ARC = YES;
				CLANG_WARN_BOOL_CONVERSION = YES;
				CLANG_WARN_CONSTANT_CONVERSION = YES;
				CLANG_WARN_DIRECT_OBJC_ISA_USAGE = YES_ERROR;
				CLANG_WARN_EMPTY_BODY = YES;
				CLANG_WARN_ENUM_CONVERSION = YES;
				CLANG_WARN_INT_CONVERSION = YES;
				CLANG_WARN_OBJC_ROOT_CLASS = YES_ERROR;
				CLANG_WARN_UNREACHABLE_CODE = YES;
				CLANG_WARN__DUPLICATE_METHOD_MATCH = YES;
				"CODE_SIGN_IDENTITY[sdk=iphoneos*]" = "iPhone Developer";
				COPY_PHASE_STRIP = NO;
				DEBUG_INFORMATION_FORMAT = dwarf;
				ENABLE_STRICT_OBJC_MSGSEND = YES;
				ENABLE_TESTABILITY = YES;
				GCC_C_LANGUAGE_STANDARD = gnu99;
				GCC_DYNAMIC_NO_PIC = NO;
				GCC_NO_COMMON_BLOCKS = YES;
				GCC_OPTIMIZATION_LEVEL = 0;
				GCC_PREPROCESSOR_DEFINITIONS = (
					"DEBUG=1",
					"$(inherited)",
				);
				GCC_WARN_64_TO_32_BIT_CONVERSION = YES;
				GCC_WARN_ABOUT_RETURN_TYPE = YES_ERROR;
				GCC_WARN_UNDECLARED_SELECTOR = YES;
				GCC_WARN_UNINITIALIZED_AUTOS = YES_AGGRESSIVE;
				GCC_WARN_UNUSED_FUNCTION = YES;
				GCC_WARN_UNUSED_VARIABLE = YES;
				IPHONEOS_DEPLOYMENT_TARGET = 9.3;
				MTL_ENABLE_DEBUG_INFO = YES;
				ONLY_ACTIVE_ARCH = YES;
				SDKROOT = iphoneos;
				SWIFT_OPTIMIZATION_LEVEL = "-Onone";
				TARGETED_DEVICE_FAMILY = "1,2";
			};
			name = Debug;
		};
		B8E298F11D8163C400752349 /* Release */ = {
			isa = XCBuildConfiguration;
			buildSettings = {
				ALWAYS_SEARCH_USER_PATHS = NO;
				CLANG_ANALYZER_NONNULL = YES;
				CLANG_CXX_LANGUAGE_STANDARD = "gnu++0x";
				CLANG_CXX_LIBRARY = "libc++";
				CLANG_ENABLE_MODULES = YES;
				CLANG_ENABLE_OBJC_ARC = YES;
				CLANG_WARN_BOOL_CONVERSION = YES;
				CLANG_WARN_CONSTANT_CONVERSION = YES;
				CLANG_WARN_DIRECT_OBJC_ISA_USAGE = YES_ERROR;
				CLANG_WARN_EMPTY_BODY = YES;
				CLANG_WARN_ENUM_CONVERSION = YES;
				CLANG_WARN_INT_CONVERSION = YES;
				CLANG_WARN_OBJC_ROOT_CLASS = YES_ERROR;
				CLANG_WARN_UNREACHABLE_CODE = YES;
				CLANG_WARN__DUPLICATE_METHOD_MATCH = YES;
				"CODE_SIGN_IDENTITY[sdk=iphoneos*]" = "iPhone Developer";
				COPY_PHASE_STRIP = NO;
				DEBUG_INFORMATION_FORMAT = "dwarf-with-dsym";
				ENABLE_NS_ASSERTIONS = NO;
				ENABLE_STRICT_OBJC_MSGSEND = YES;
				GCC_C_LANGUAGE_STANDARD = gnu99;
				GCC_NO_COMMON_BLOCKS = YES;
				GCC_WARN_64_TO_32_BIT_CONVERSION = YES;
				GCC_WARN_ABOUT_RETURN_TYPE = YES_ERROR;
				GCC_WARN_UNDECLARED_SELECTOR = YES;
				GCC_WARN_UNINITIALIZED_AUTOS = YES_AGGRESSIVE;
				GCC_WARN_UNUSED_FUNCTION = YES;
				GCC_WARN_UNUSED_VARIABLE = YES;
				IPHONEOS_DEPLOYMENT_TARGET = 9.3;
				MTL_ENABLE_DEBUG_INFO = NO;
				SDKROOT = iphoneos;
				TARGETED_DEVICE_FAMILY = "1,2";
				VALIDATE_PRODUCT = YES;
			};
			name = Release;
		};
		B8E298F31D8163C400752349 /* Debug */ = {
			isa = XCBuildConfiguration;
			baseConfigurationReference = F2D24E903C5AE9FD25B100A5 /* Pods-GitHubUsers.debug.xcconfig */;
			buildSettings = {
				ASSETCATALOG_COMPILER_APPICON_NAME = AppIcon;
				INFOPLIST_FILE = GitHubUsers/Info.plist;
				LD_RUNPATH_SEARCH_PATHS = "$(inherited) @executable_path/Frameworks";
				PRODUCT_BUNDLE_IDENTIFIER = com.test.GitHubUsers;
				PRODUCT_NAME = "$(TARGET_NAME)";
			};
			name = Debug;
		};
		B8E298F41D8163C400752349 /* Release */ = {
			isa = XCBuildConfiguration;
			baseConfigurationReference = 2FA881F9496F147270A0466F /* Pods-GitHubUsers.release.xcconfig */;
			buildSettings = {
				ASSETCATALOG_COMPILER_APPICON_NAME = AppIcon;
				INFOPLIST_FILE = GitHubUsers/Info.plist;
				LD_RUNPATH_SEARCH_PATHS = "$(inherited) @executable_path/Frameworks";
				PRODUCT_BUNDLE_IDENTIFIER = com.test.GitHubUsers;
				PRODUCT_NAME = "$(TARGET_NAME)";
			};
			name = Release;
		};
/* End XCBuildConfiguration section */

/* Begin XCConfigurationList section */
		B8E298DB1D8163C400752349 /* Build configuration list for PBXProject "GitHubUsers" */ = {
			isa = XCConfigurationList;
			buildConfigurations = (
				B8E298F01D8163C400752349 /* Debug */,
				B8E298F11D8163C400752349 /* Release */,
			);
			defaultConfigurationIsVisible = 0;
			defaultConfigurationName = Release;
		};
		B8E298F21D8163C400752349 /* Build configuration list for PBXNativeTarget "GitHubUsers" */ = {
			isa = XCConfigurationList;
			buildConfigurations = (
				B8E298F31D8163C400752349 /* Debug */,
				B8E298F41D8163C400752349 /* Release */,
			);
			defaultConfigurationIsVisible = 0;
			defaultConfigurationName = Release;
		};
/* End XCConfigurationList section */
	};
	rootObject = B8E298D81D8163C400752349 /* Project object */;
}
